<Solution>
  <Configurations>
    <Platform Name="Any CPU" />
    <Platform Name="x64" />
  </Configurations>
  <!--
  <Folder Name="/Demo/">
    <Project Path="demo/VariableBox.Demo.Android/VariableBox.Demo.Android.csproj">
      <Platform Solution="*|x64" Project="x64" />
      <Deploy />
    </Project>
    <Project Path="demo/VariableBox.Demo.Browser/VariableBox.Demo.Browser.csproj">
      <Platform Solution="*|x64" Project="x64" />
    </Project>
    <Project Path="demo/VariableBox.Demo.iOS/VariableBox.Demo.iOS.csproj">
      <Platform Solution="*|x64" Project="x64" />
      <Deploy />
    </Project>
  </Folder>
  -->
  <Folder Name="/Solution Files/">
    <File Path="demo/Directory.Build.props" />
    <File Path="README.md" />
    <File Path="src/Package.props" />
  </Folder>
  <Project Path="demo/VariableBox.Demo.Desktop/VariableBox.Demo.Desktop.csproj">
    <Platform Solution="*|x64" Project="x64" />
  </Project>
  <Project Path="demo/VariableBox.Demo/VariableBox.Demo.csproj">
    <Platform Solution="*|x64" Project="x64" />
  </Project>
  <Project Path="src/VariableBox/VariableBox.csproj">
    <Platform Solution="*|x64" Project="x64" />
  </Project>
</Solution>
